
Microsoft Visual Studio Solution File, Format Version 12.00
# Visual Studio 14
VisualStudioVersion = 14.0.23107.0
MinimumVisualStudioVersion = 10.0.40219.1
Project("{FAE04EC0-301F-11D3-BF4B-00C04F79EFBC}") = "DatabaseCodeFirst", "DatabaseCodeFirst\DatabaseCodeFirst.csproj", "{2B9EF58D-3431-4126-9127-2D387033D2C9}"
EndProject
Project("{FAE04EC0-301F-11D3-BF4B-00C04F79EFBC}") = "DatabaseConnection", "..\..\Visual Studio Projekter\DatabaseConnection\DatabaseConnection\DatabaseConnection.csproj", "{5F4C1587-1D7D-4152-8500-C9661E1B536D}"
EndProject
Project("{FAE04EC0-301F-11D3-BF4B-00C04F79EFBC}") = "UppdateDatabaseWithVisualStudio", "UppdateDatabaseWithVisualStudio\UppdateDatabaseWithVisualStudio.csproj", "{A796567D-B091-4FF6-80C3-6E49A8959BC6}"
EndProject
Project("{FAE04EC0-301F-11D3-BF4B-00C04F79EFBC}") = "CodeFirstTraining", "CodeFirstTraining\CodeFirstTraining.csproj", "{0FEABE23-6CC1-406D-836C-339920218D4D}"
EndProject
Project("{FAE04EC0-301F-11D3-BF4B-00C04F79EFBC}") = "CodeFirstTraining2", "CodeFirstTraining2\CodeFirstTraining2.csproj", "{61098E8C-B5C2-4A0D-A704-DF8EE7F028B9}"
EndProject
Project("{FAE04EC0-301F-11D3-BF4B-00C04F79EFBC}") = "DataBaseToModel", "DataBaseToModel\DataBaseToModel.csproj", "{D48DC7D4-E34D-45E4-9AE9-C090709B9297}"
EndProject
Project("{FAE04EC0-301F-11D3-BF4B-00C04F79EFBC}") = "HelperMethod", "HelperMethod\HelperMethod.csproj", "{E2827BEE-DEBE-4E28-87EF-CD2EB44CF10E}"
EndProject
Project("{FAE04EC0-301F-11D3-BF4B-00C04F79EFBC}") = "TahoeAwesomeExtensions", "TahoeAwesomeExtensions\TahoeAwesomeExtensions.csproj", "{38927849-6A56-4444-8038-0455A7301AB5}"
EndProject
Project("{FAE04EC0-301F-11D3-BF4B-00C04F79EFBC}") = "ListFromDatabase", "ListFromDatabase\ListFromDatabase.csproj", "{C5D0882C-56AB-4606-97E9-40AB2E739EC7}"
EndProject
Project("{FAE04EC0-301F-11D3-BF4B-00C04F79EFBC}") = "LinqExpressions", "LinqExpressions\LinqExpressions.csproj", "{9D9A133A-E106-4914-99DA-BFDD69C2E865}"
EndProject
Project("{FAE04EC0-301F-11D3-BF4B-00C04F79EFBC}") = "LambdaLinqExpressions", "LambdaLinqExpressions\LambdaLinqExpressions.csproj", "{61B0CE5B-CEE8-4AA7-B606-C8D0347A53A5}"
EndProject
Project("{FAE04EC0-301F-11D3-BF4B-00C04F79EFBC}") = "LambdaLinqExpressionsTraining", "LambdaLinqExpressionsTraining\LambdaLinqExpressionsTraining.csproj", "{5D260DDB-9B38-4B44-BD5F-D7F0C439F18D}"
EndProject
Global
	GlobalSection(SolutionConfigurationPlatforms) = preSolution
		Debug|Any CPU = Debug|Any CPU
		Release|Any CPU = Release|Any CPU
	EndGlobalSection
	GlobalSection(ProjectConfigurationPlatforms) = postSolution
		{2B9EF58D-3431-4126-9127-2D387033D2C9}.Debug|Any CPU.ActiveCfg = Debug|Any CPU
		{2B9EF58D-3431-4126-9127-2D387033D2C9}.Debug|Any CPU.Build.0 = Debug|Any CPU
		{2B9EF58D-3431-4126-9127-2D387033D2C9}.Release|Any CPU.ActiveCfg = Release|Any CPU
		{2B9EF58D-3431-4126-9127-2D387033D2C9}.Release|Any CPU.Build.0 = Release|Any CPU
		{5F4C1587-1D7D-4152-8500-C9661E1B536D}.Debug|Any CPU.ActiveCfg = Debug|Any CPU
		{5F4C1587-1D7D-4152-8500-C9661E1B536D}.Debug|Any CPU.Build.0 = Debug|Any CPU
		{5F4C1587-1D7D-4152-8500-C9661E1B536D}.Release|Any CPU.ActiveCfg = Release|Any CPU
		{5F4C1587-1D7D-4152-8500-C9661E1B536D}.Release|Any CPU.Build.0 = Release|Any CPU
		{A796567D-B091-4FF6-80C3-6E49A8959BC6}.Debug|Any CPU.ActiveCfg = Debug|Any CPU
		{A796567D-B091-4FF6-80C3-6E49A8959BC6}.Debug|Any CPU.Build.0 = Debug|Any CPU
		{A796567D-B091-4FF6-80C3-6E49A8959BC6}.Release|Any CPU.ActiveCfg = Release|Any CPU
		{A796567D-B091-4FF6-80C3-6E49A8959BC6}.Release|Any CPU.Build.0 = Release|Any CPU
		{0FEABE23-6CC1-406D-836C-339920218D4D}.Debug|Any CPU.ActiveCfg = Debug|Any CPU
		{0FEABE23-6CC1-406D-836C-339920218D4D}.Debug|Any CPU.Build.0 = Debug|Any CPU
		{0FEABE23-6CC1-406D-836C-339920218D4D}.Release|Any CPU.ActiveCfg = Release|Any CPU
		{0FEABE23-6CC1-406D-836C-339920218D4D}.Release|Any CPU.Build.0 = Release|Any CPU
		{61098E8C-B5C2-4A0D-A704-DF8EE7F028B9}.Debug|Any CPU.ActiveCfg = Debug|Any CPU
		{61098E8C-B5C2-4A0D-A704-DF8EE7F028B9}.Debug|Any CPU.Build.0 = Debug|Any CPU
		{61098E8C-B5C2-4A0D-A704-DF8EE7F028B9}.Release|Any CPU.ActiveCfg = Release|Any CPU
		{61098E8C-B5C2-4A0D-A704-DF8EE7F028B9}.Release|Any CPU.Build.0 = Release|Any CPU
		{D48DC7D4-E34D-45E4-9AE9-C090709B9297}.Debug|Any CPU.ActiveCfg = Debug|Any CPU
		{D48DC7D4-E34D-45E4-9AE9-C090709B9297}.Debug|Any CPU.Build.0 = Debug|Any CPU
		{D48DC7D4-E34D-45E4-9AE9-C090709B9297}.Release|Any CPU.ActiveCfg = Release|Any CPU
		{D48DC7D4-E34D-45E4-9AE9-C090709B9297}.Release|Any CPU.Build.0 = Release|Any CPU
		{E2827BEE-DEBE-4E28-87EF-CD2EB44CF10E}.Debug|Any CPU.ActiveCfg = Debug|Any CPU
		{E2827BEE-DEBE-4E28-87EF-CD2EB44CF10E}.Debug|Any CPU.Build.0 = Debug|Any CPU
		{E2827BEE-DEBE-4E28-87EF-CD2EB44CF10E}.Release|Any CPU.ActiveCfg = Release|Any CPU
		{E2827BEE-DEBE-4E28-87EF-CD2EB44CF10E}.Release|Any CPU.Build.0 = Release|Any CPU
		{38927849-6A56-4444-8038-0455A7301AB5}.Debug|Any CPU.ActiveCfg = Debug|Any CPU
		{38927849-6A56-4444-8038-0455A7301AB5}.Debug|Any CPU.Build.0 = Debug|Any CPU
		{38927849-6A56-4444-8038-0455A7301AB5}.Release|Any CPU.ActiveCfg = Release|Any CPU
		{38927849-6A56-4444-8038-0455A7301AB5}.Release|Any CPU.Build.0 = Release|Any CPU
		{C5D0882C-56AB-4606-97E9-40AB2E739EC7}.Debug|Any CPU.ActiveCfg = Debug|Any CPU
		{C5D0882C-56AB-4606-97E9-40AB2E739EC7}.Debug|Any CPU.Build.0 = Debug|Any CPU
		{C5D0882C-56AB-4606-97E9-40AB2E739EC7}.Release|Any CPU.ActiveCfg = Release|Any CPU
		{C5D0882C-56AB-4606-97E9-40AB2E739EC7}.Release|Any CPU.Build.0 = Release|Any CPU
		{9D9A133A-E106-4914-99DA-BFDD69C2E865}.Debug|Any CPU.ActiveCfg = Debug|Any CPU
		{9D9A133A-E106-4914-99DA-BFDD69C2E865}.Debug|Any CPU.Build.0 = Debug|Any CPU
		{9D9A133A-E106-4914-99DA-BFDD69C2E865}.Release|Any CPU.ActiveCfg = Release|Any CPU
		{9D9A133A-E106-4914-99DA-BFDD69C2E865}.Release|Any CPU.Build.0 = Release|Any CPU
		{61B0CE5B-CEE8-4AA7-B606-C8D0347A53A5}.Debug|Any CPU.ActiveCfg = Debug|Any CPU
		{61B0CE5B-CEE8-4AA7-B606-C8D0347A53A5}.Debug|Any CPU.Build.0 = Debug|Any CPU
		{61B0CE5B-CEE8-4AA7-B606-C8D0347A53A5}.Release|Any CPU.ActiveCfg = Release|Any CPU
		{61B0CE5B-CEE8-4AA7-B606-C8D0347A53A5}.Release|Any CPU.Build.0 = Release|Any CPU
		{5D260DDB-9B38-4B44-BD5F-D7F0C439F18D}.Debug|Any CPU.ActiveCfg = Debug|Any CPU
		{5D260DDB-9B38-4B44-BD5F-D7F0C439F18D}.Debug|Any CPU.Build.0 = Debug|Any CPU
		{5D260DDB-9B38-4B44-BD5F-D7F0C439F18D}.Release|Any CPU.ActiveCfg = Release|Any CPU
		{5D260DDB-9B38-4B44-BD5F-D7F0C439F18D}.Release|Any CPU.Build.0 = Release|Any CPU
	EndGlobalSection
	GlobalSection(SolutionProperties) = preSolution
		HideSolutionNode = FALSE
	EndGlobalSection
EndGlobal
